
Microsoft Visual Studio Solution File, Format Version 12.00
# Visual Studio Version 16
VisualStudioVersion = 16.0.29215.179
MinimumVisualStudioVersion = 10.0.40219.1
Project("{FAE04EC0-301F-11D3-BF4B-00C04F79EFBC}") = "WSCalculaBonificacao", "WSCalculaBonificacao\WSCalculaBonificacao.csproj", "{3411FADD-F14F-4E90-9873-F929215C1846}"
EndProject
Global
	GlobalSection(SolutionConfigurationPlatforms) = preSolution
		Debug|Any CPU = Debug|Any CPU
		Release|Any CPU = Release|Any CPU
	EndGlobalSection
	GlobalSection(ProjectConfigurationPlatforms) = postSolution
		{3411FADD-F14F-4E90-9873-F929215C1846}.Debug|Any CPU.ActiveCfg = Debug|Any CPU
		{3411FADD-F14F-4E90-9873-F929215C1846}.Debug|Any CPU.Build.0 = Debug|Any CPU
		{3411FADD-F14F-4E90-9873-F929215C1846}.Release|Any CPU.ActiveCfg = Release|Any CPU
		{3411FADD-F14F-4E90-9873-F929215C1846}.Release|Any CPU.Build.0 = Release|Any CPU
	EndGlobalSection
	GlobalSection(SolutionProperties) = preSolution
		HideSolutionNode = FALSE
	EndGlobalSection
	GlobalSection(ExtensibilityGlobals) = postSolution
		SolutionGuid = {59F5F9C2-CF55-4E82-ACD5-574C41D82390}
	EndGlobalSection
EndGlobal
